{
  "name": "open_finance_br_update_acs",
  "version": "1.0.0",
  "lockfileVersion": 3,
  "requires": true,
  "packages": {
    "": {
      "name": "open_finance_br_update_acs",
      "version": "1.0.0",
      "license": "ISC",
      "dependencies": {
        "@lapo/asn1js": "^2.0.4",
        "diacritics": "^1.3.0",
        "jsrsasign": "^11.1.0",
        "node-forge": "^1.3.1"
      }
    },
    "node_modules/@lapo/asn1js": {
      "version": "2.0.4",
      "resolved": "https://registry.npmjs.org/@lapo/asn1js/-/asn1js-2.0.4.tgz",
      "integrity": "sha512-KJD3wQAZxozcraJdWp3utDU6DEZgAVBGp9INCdptUpZaXCEYkpwNb7h7wyYh5y6DxtpvIud8k0suhWJ/z2rKvw==",
      "license": "ISC",
      "bin": {
        "dumpASN1": "dumpASN1.js"
      },
      "engines": {
        "node": ">=12.20.0"
      }
    },
    "node_modules/diacritics": {
      "version": "1.3.0",
      "resolved": "https://registry.npmjs.org/diacritics/-/diacritics-1.3.0.tgz",
      "integrity": "sha512-wlwEkqcsaxvPJML+rDh/2iS824jbREk6DUMUKkEaSlxdYHeS43cClJtsWglvw2RfeXGm6ohKDqsXteJ5sP5enA==",
      "license": "MIT"
    },
    "node_modules/jsrsasign": {
      "version": "11.1.0",
      "resolved": "https://registry.npmjs.org/jsrsasign/-/jsrsasign-11.1.0.tgz",
      "integrity": "sha512-Ov74K9GihaK9/9WncTe1mPmvrO7Py665TUfUKvraXBpu+xcTWitrtuOwcjf4KMU9maPaYn0OuaWy0HOzy/GBXg==",
      "funding": {
        "url": "https://github.com/kjur/jsrsasign#donations"
      }
    },
    "node_modules/node-forge": {
      "version": "1.3.1",
      "resolved": "https://registry.npmjs.org/node-forge/-/node-forge-1.3.1.tgz",
      "integrity": "sha512-dPEtOeMvF9VMcYV/1Wb8CPoVAXtp6MKMlcbAt4ddqmGqUJ6fQZFXkNZNkNlfevtNkGtaSoXf/vNNNSvgrdXwtA==",
      "license": "(BSD-3-Clause OR GPL-2.0)",
      "engines": {
        "node": ">= 6.13.0"
      }
    }
  }
}
